
Microsoft Visual Studio Solution File, Format Version 12.00
# Visual Studio Version 17
VisualStudioVersion = 17.0.32112.339
MinimumVisualStudioVersion = 10.0.40219.1
Project("{FAE04EC0-301F-11D3-BF4B-00C04F79EFBC}") = "Veri_Tabanli_Parti_Secim_Grafik_Istatistik", "Veri_Tabanli_Parti_Secim_Grafik_Istatistik\Veri_Tabanli_Parti_Secim_Grafik_Istatistik.csproj", "{DF9A73D7-9972-49FE-BD1F-AF01AC74CFC4}"
EndProject
Global
	GlobalSection(SolutionConfigurationPlatforms) = preSolution
		Debug|Any CPU = Debug|Any CPU
		Release|Any CPU = Release|Any CPU
	EndGlobalSection
	GlobalSection(ProjectConfigurationPlatforms) = postSolution
		{DF9A73D7-9972-49FE-BD1F-AF01AC74CFC4}.Debug|Any CPU.ActiveCfg = Debug|Any CPU
		{DF9A73D7-9972-49FE-BD1F-AF01AC74CFC4}.Debug|Any CPU.Build.0 = Debug|Any CPU
		{DF9A73D7-9972-49FE-BD1F-AF01AC74CFC4}.Release|Any CPU.ActiveCfg = Release|Any CPU
		{DF9A73D7-9972-49FE-BD1F-AF01AC74CFC4}.Release|Any CPU.Build.0 = Release|Any CPU
	EndGlobalSection
	GlobalSection(SolutionProperties) = preSolution
		HideSolutionNode = FALSE
	EndGlobalSection
	GlobalSection(ExtensibilityGlobals) = postSolution
		SolutionGuid = {F0C22EC8-F629-4DC3-B498-967D2E0752FA}
	EndGlobalSection
EndGlobal
